
Microsoft Visual Studio Solution File, Format Version 12.00
# Visual Studio 2013
VisualStudioVersion = 12.0.31101.0
MinimumVisualStudioVersion = 10.0.40219.1
Project("{FAE04EC0-301F-11D3-BF4B-00C04F79EFBC}") = "Kariuomene", "Kariuomene\Kariuomene.csproj", "{1B52DFA2-4B95-4811-8B52-F5620F06FC92}"
EndProject
Project("{2150E333-8FDC-42A3-9474-1A3956D46DE8}") = "Kariuomene", "Kariuomene", "{273F49CF-83CE-4AFF-ACB6-ACF3428D0441}"
EndProject
Project("{FAE04EC0-301F-11D3-BF4B-00C04F79EFBC}") = "NotificationsExtansions", "NotificationsExtansions\NotificationsExtansions.csproj", "{DB8C3C1D-C0E7-414F-AA57-BFC5DC25F775}"
EndProject
Project("{FAE04EC0-301F-11D3-BF4B-00C04F79EFBC}") = "Tasks", "Tasks\Tasks.csproj", "{5C4138C0-8572-442B-A14A-32EE13A898B1}"
EndProject
Project("{2150E333-8FDC-42A3-9474-1A3956D46DE8}") = "Kariuomene", "Kariuomene", "{5B976148-D677-4582-8827-1055E10B8D8E}"
EndProject
Global
	GlobalSection(SolutionConfigurationPlatforms) = preSolution
		Debug|Any CPU = Debug|Any CPU
		Debug|ARM = Debug|ARM
		Debug|x64 = Debug|x64
		Debug|x86 = Debug|x86
		Release|Any CPU = Release|Any CPU
		Release|ARM = Release|ARM
		Release|x64 = Release|x64
		Release|x86 = Release|x86
	EndGlobalSection
	GlobalSection(ProjectConfigurationPlatforms) = postSolution
		{1B52DFA2-4B95-4811-8B52-F5620F06FC92}.Debug|Any CPU.ActiveCfg = Debug|Any CPU
		{1B52DFA2-4B95-4811-8B52-F5620F06FC92}.Debug|Any CPU.Build.0 = Debug|Any CPU
		{1B52DFA2-4B95-4811-8B52-F5620F06FC92}.Debug|Any CPU.Deploy.0 = Debug|Any CPU
		{1B52DFA2-4B95-4811-8B52-F5620F06FC92}.Debug|ARM.ActiveCfg = Debug|ARM
		{1B52DFA2-4B95-4811-8B52-F5620F06FC92}.Debug|ARM.Build.0 = Debug|ARM
		{1B52DFA2-4B95-4811-8B52-F5620F06FC92}.Debug|ARM.Deploy.0 = Debug|ARM
		{1B52DFA2-4B95-4811-8B52-F5620F06FC92}.Debug|x64.ActiveCfg = Debug|Any CPU
		{1B52DFA2-4B95-4811-8B52-F5620F06FC92}.Debug|x86.ActiveCfg = Debug|x86
		{1B52DFA2-4B95-4811-8B52-F5620F06FC92}.Debug|x86.Build.0 = Debug|x86
		{1B52DFA2-4B95-4811-8B52-F5620F06FC92}.Debug|x86.Deploy.0 = Debug|x86
		{1B52DFA2-4B95-4811-8B52-F5620F06FC92}.Release|Any CPU.ActiveCfg = Release|Any CPU
		{1B52DFA2-4B95-4811-8B52-F5620F06FC92}.Release|Any CPU.Build.0 = Release|Any CPU
		{1B52DFA2-4B95-4811-8B52-F5620F06FC92}.Release|Any CPU.Deploy.0 = Release|Any CPU
		{1B52DFA2-4B95-4811-8B52-F5620F06FC92}.Release|ARM.ActiveCfg = Release|ARM
		{1B52DFA2-4B95-4811-8B52-F5620F06FC92}.Release|ARM.Build.0 = Release|ARM
		{1B52DFA2-4B95-4811-8B52-F5620F06FC92}.Release|ARM.Deploy.0 = Release|ARM
		{1B52DFA2-4B95-4811-8B52-F5620F06FC92}.Release|x64.ActiveCfg = Release|Any CPU
		{1B52DFA2-4B95-4811-8B52-F5620F06FC92}.Release|x86.ActiveCfg = Release|x86
		{1B52DFA2-4B95-4811-8B52-F5620F06FC92}.Release|x86.Build.0 = Release|x86
		{1B52DFA2-4B95-4811-8B52-F5620F06FC92}.Release|x86.Deploy.0 = Release|x86
		{DB8C3C1D-C0E7-414F-AA57-BFC5DC25F775}.Debug|Any CPU.ActiveCfg = Debug|Any CPU
		{DB8C3C1D-C0E7-414F-AA57-BFC5DC25F775}.Debug|Any CPU.Build.0 = Debug|Any CPU
		{DB8C3C1D-C0E7-414F-AA57-BFC5DC25F775}.Debug|ARM.ActiveCfg = Debug|Any CPU
		{DB8C3C1D-C0E7-414F-AA57-BFC5DC25F775}.Debug|x64.ActiveCfg = Debug|Any CPU
		{DB8C3C1D-C0E7-414F-AA57-BFC5DC25F775}.Debug|x86.ActiveCfg = Debug|Any CPU
		{DB8C3C1D-C0E7-414F-AA57-BFC5DC25F775}.Release|Any CPU.ActiveCfg = Release|Any CPU
		{DB8C3C1D-C0E7-414F-AA57-BFC5DC25F775}.Release|Any CPU.Build.0 = Release|Any CPU
		{DB8C3C1D-C0E7-414F-AA57-BFC5DC25F775}.Release|ARM.ActiveCfg = Release|Any CPU
		{DB8C3C1D-C0E7-414F-AA57-BFC5DC25F775}.Release|x64.ActiveCfg = Release|Any CPU
		{DB8C3C1D-C0E7-414F-AA57-BFC5DC25F775}.Release|x86.ActiveCfg = Release|Any CPU
		{5C4138C0-8572-442B-A14A-32EE13A898B1}.Debug|Any CPU.ActiveCfg = Debug|Any CPU
		{5C4138C0-8572-442B-A14A-32EE13A898B1}.Debug|Any CPU.Build.0 = Debug|Any CPU
		{5C4138C0-8572-442B-A14A-32EE13A898B1}.Debug|ARM.ActiveCfg = Debug|Any CPU
		{5C4138C0-8572-442B-A14A-32EE13A898B1}.Debug|x64.ActiveCfg = Debug|Any CPU
		{5C4138C0-8572-442B-A14A-32EE13A898B1}.Debug|x86.ActiveCfg = Debug|Any CPU
		{5C4138C0-8572-442B-A14A-32EE13A898B1}.Release|Any CPU.ActiveCfg = Release|Any CPU
		{5C4138C0-8572-442B-A14A-32EE13A898B1}.Release|Any CPU.Build.0 = Release|Any CPU
		{5C4138C0-8572-442B-A14A-32EE13A898B1}.Release|ARM.ActiveCfg = Release|Any CPU
		{5C4138C0-8572-442B-A14A-32EE13A898B1}.Release|x64.ActiveCfg = Release|Any CPU
		{5C4138C0-8572-442B-A14A-32EE13A898B1}.Release|x86.ActiveCfg = Release|Any CPU
	EndGlobalSection
	GlobalSection(SolutionProperties) = preSolution
		HideSolutionNode = FALSE
	EndGlobalSection
	GlobalSection(NestedProjects) = preSolution
		{1B52DFA2-4B95-4811-8B52-F5620F06FC92} = {5B976148-D677-4582-8827-1055E10B8D8E}
		{DB8C3C1D-C0E7-414F-AA57-BFC5DC25F775} = {273F49CF-83CE-4AFF-ACB6-ACF3428D0441}
		{5C4138C0-8572-442B-A14A-32EE13A898B1} = {273F49CF-83CE-4AFF-ACB6-ACF3428D0441}
		{5B976148-D677-4582-8827-1055E10B8D8E} = {273F49CF-83CE-4AFF-ACB6-ACF3428D0441}
	EndGlobalSection
EndGlobal
